// !$*UTF8*$!
{
	archiveVersion = 1;
	classes = {
	};
	objectVersion = 56;
	objects = {

/* Begin PBXBuildFile section */
		BD02228A290693CB00B07322 /* AppDelegate.swift in Sources */ = {isa = PBXBuildFile; fileRef = BD022289290693CB00B07322 /* AppDelegate.swift */; };
		BD02228C290693CB00B07322 /* SceneDelegate.swift in Sources */ = {isa = PBXBuildFile; fileRef = BD02228B290693CB00B07322 /* SceneDelegate.swift */; };
		BD022293290693CD00B07322 /* Assets.xcassets in Resources */ = {isa = PBXBuildFile; fileRef = BD022292290693CD00B07322 /* Assets.xcassets */; };
		BD022296290693CD00B07322 /* LaunchScreen.storyboard in Resources */ = {isa = PBXBuildFile; fileRef = BD022294290693CD00B07322 /* LaunchScreen.storyboard */; };
		BDD9602C290694E9006A1D15 /* RxCocoa in Frameworks */ = {isa = PBXBuildFile; productRef = BDD9602B290694E9006A1D15 /* RxCocoa */; };
		BDD9602E290694E9006A1D15 /* RxSwift in Frameworks */ = {isa = PBXBuildFile; productRef = BDD9602D290694E9006A1D15 /* RxSwift */; };
		BDD96032290695F0006A1D15 /* PickerExampleViewController.swift in Sources */ = {isa = PBXBuildFile; fileRef = BDD96031290695F0006A1D15 /* PickerExampleViewController.swift */; };
		BDD960352906A368006A1D15 /* NumbersViewController.swift in Sources */ = {isa = PBXBuildFile; fileRef = BDD960342906A368006A1D15 /* NumbersViewController.swift */; };
		BDD960402906C267006A1D15 /* ValidationViewController.swift in Sources */ = {isa = PBXBuildFile; fileRef = BDD9603F2906C267006A1D15 /* ValidationViewController.swift */; };
		BDD960452906C648006A1D15 /* SnapKit in Frameworks */ = {isa = PBXBuildFile; productRef = BDD960442906C648006A1D15 /* SnapKit */; };
		BDD960482906DC1D006A1D15 /* TableExampleViewController.swift in Sources */ = {isa = PBXBuildFile; fileRef = BDD960472906DC1D006A1D15 /* TableExampleViewController.swift */; };
/* End PBXBuildFile section */

/* Begin PBXFileReference section */
		BD022286290693CB00B07322 /* Go-RxSwift.app */ = {isa = PBXFileReference; explicitFileType = wrapper.application; includeInIndex = 0; path = "Go-RxSwift.app"; sourceTree = BUILT_PRODUCTS_DIR; };
		BD022289290693CB00B07322 /* AppDelegate.swift */ = {isa = PBXFileReference; lastKnownFileType = sourcecode.swift; path = AppDelegate.swift; sourceTree = "<group>"; };
		BD02228B290693CB00B07322 /* SceneDelegate.swift */ = {isa = PBXFileReference; lastKnownFileType = sourcecode.swift; path = SceneDelegate.swift; sourceTree = "<group>"; };
		BD022292290693CD00B07322 /* Assets.xcassets */ = {isa = PBXFileReference; lastKnownFileType = folder.assetcatalog; path = Assets.xcassets; sourceTree = "<group>"; };
		BD022295290693CD00B07322 /* Base */ = {isa = PBXFileReference; lastKnownFileType = file.storyboard; name = Base; path = Base.lproj/LaunchScreen.storyboard; sourceTree = "<group>"; };
		BD022297290693CD00B07322 /* Info.plist */ = {isa = PBXFileReference; lastKnownFileType = text.plist.xml; path = Info.plist; sourceTree = "<group>"; };
		BDD960292906946A006A1D15 /* RxSample.playground */ = {isa = PBXFileReference; lastKnownFileType = file.playground; path = RxSample.playground; sourceTree = "<group>"; xcLanguageSpecificationIdentifier = xcode.lang.swift; };
		BDD96031290695F0006A1D15 /* PickerExampleViewController.swift */ = {isa = PBXFileReference; lastKnownFileType = sourcecode.swift; path = PickerExampleViewController.swift; sourceTree = "<group>"; };
		BDD960342906A368006A1D15 /* NumbersViewController.swift */ = {isa = PBXFileReference; lastKnownFileType = sourcecode.swift; path = NumbersViewController.swift; sourceTree = "<group>"; };
		BDD9603F2906C267006A1D15 /* ValidationViewController.swift */ = {isa = PBXFileReference; lastKnownFileType = sourcecode.swift; path = ValidationViewController.swift; sourceTree = "<group>"; };
		BDD960472906DC1D006A1D15 /* TableExampleViewController.swift */ = {isa = PBXFileReference; lastKnownFileType = sourcecode.swift; path = TableExampleViewController.swift; sourceTree = "<group>"; };
/* End PBXFileReference section */

/* Begin PBXFrameworksBuildPhase section */
		BD022283290693CB00B07322 /* Frameworks */ = {
			isa = PBXFrameworksBuildPhase;
			buildActionMask = 2147483647;
			files = (
				BDD960452906C648006A1D15 /* SnapKit in Frameworks */,
				BDD9602E290694E9006A1D15 /* RxSwift in Frameworks */,
				BDD9602C290694E9006A1D15 /* RxCocoa in Frameworks */,
			);
			runOnlyForDeploymentPostprocessing = 0;
		};
/* End PBXFrameworksBuildPhase section */

/* Begin PBXGroup section */
		BD02227D290693CB00B07322 = {
			isa = PBXGroup;
			children = (
				BDD960292906946A006A1D15 /* RxSample.playground */,
				BD022288290693CB00B07322 /* Go-RxSwift */,
				BD022287290693CB00B07322 /* Products */,
			);
			sourceTree = "<group>";
		};
		BD022287290693CB00B07322 /* Products */ = {
			isa = PBXGroup;
			children = (
				BD022286290693CB00B07322 /* Go-RxSwift.app */,
			);
			name = Products;
			sourceTree = "<group>";
		};
		BD022288290693CB00B07322 /* Go-RxSwift */ = {
			isa = PBXGroup;
			children = (
				BDD9602F2906954B006A1D15 /* App */,
				BDD960332906A342006A1D15 /* CombineLatest */,
				BDD96030290695C7006A1D15 /* PickerView */,
				BDD960462906DBFF006A1D15 /* TableView */,
				BDD9603E2906C24D006A1D15 /* Validation */,
			);
			path = "Go-RxSwift";
			sourceTree = "<group>";
		};
		BDD9602F2906954B006A1D15 /* App */ = {
			isa = PBXGroup;
			children = (
				BD022289290693CB00B07322 /* AppDelegate.swift */,
				BD02228B290693CB00B07322 /* SceneDelegate.swift */,
				BD022294290693CD00B07322 /* LaunchScreen.storyboard */,
				BD022297290693CD00B07322 /* Info.plist */,
				BD022292290693CD00B07322 /* Assets.xcassets */,
			);
			path = App;
			sourceTree = "<group>";
		};
		BDD96030290695C7006A1D15 /* PickerView */ = {
			isa = PBXGroup;
			children = (
				BDD96031290695F0006A1D15 /* PickerExampleViewController.swift */,
			);
			path = PickerView;
			sourceTree = "<group>";
		};
		BDD960332906A342006A1D15 /* CombineLatest */ = {
			isa = PBXGroup;
			children = (
				BDD960342906A368006A1D15 /* NumbersViewController.swift */,
			);
			path = CombineLatest;
			sourceTree = "<group>";
		};
		BDD9603E2906C24D006A1D15 /* Validation */ = {
			isa = PBXGroup;
			children = (
				BDD9603F2906C267006A1D15 /* ValidationViewController.swift */,
			);
			path = Validation;
			sourceTree = "<group>";
		};
		BDD960462906DBFF006A1D15 /* TableView */ = {
			isa = PBXGroup;
			children = (
				BDD960472906DC1D006A1D15 /* TableExampleViewController.swift */,
			);
			path = TableView;
			sourceTree = "<group>";
		};
/* End PBXGroup section */

/* Begin PBXNativeTarget section */
		BD022285290693CB00B07322 /* Go-RxSwift */ = {
			isa = PBXNativeTarget;
			buildConfigurationList = BD02229A290693CD00B07322 /* Build configuration list for PBXNativeTarget "Go-RxSwift" */;
			buildPhases = (
				BD022282290693CB00B07322 /* Sources */,
				BD022283290693CB00B07322 /* Frameworks */,
				BD022284290693CB00B07322 /* Resources */,
			);
			buildRules = (
			);
			dependencies = (
			);
			name = "Go-RxSwift";
			packageProductDependencies = (
				BDD9602B290694E9006A1D15 /* RxCocoa */,
				BDD9602D290694E9006A1D15 /* RxSwift */,
				BDD960442906C648006A1D15 /* SnapKit */,
			);
			productName = "Go-RxSwift";
			productReference = BD022286290693CB00B07322 /* Go-RxSwift.app */;
			productType = "com.apple.product-type.application";
		};
/* End PBXNativeTarget section */

/* Begin PBXProject section */
		BD02227E290693CB00B07322 /* Project object */ = {
			isa = PBXProject;
			attributes = {
				BuildIndependentTargetsInParallel = 1;
				LastSwiftUpdateCheck = 1400;
				LastUpgradeCheck = 1400;
				TargetAttributes = {
					BD022285290693CB00B07322 = {
						CreatedOnToolsVersion = 14.0;
					};
				};
			};
			buildConfigurationList = BD022281290693CB00B07322 /* Build configuration list for PBXProject "Go-RxSwift" */;
			compatibilityVersion = "Xcode 14.0";
			developmentRegion = en;
			hasScannedForEncodings = 0;
			knownRegions = (
				en,
				Base,
			);
			mainGroup = BD02227D290693CB00B07322;
			packageReferences = (
				BDD9602A290694E9006A1D15 /* XCRemoteSwiftPackageReference "RxSwift" */,
				BDD960432906C648006A1D15 /* XCRemoteSwiftPackageReference "SnapKit" */,
			);
			productRefGroup = BD022287290693CB00B07322 /* Products */;
			projectDirPath = "";
			projectRoot = "";
			targets = (
				BD022285290693CB00B07322 /* Go-RxSwift */,
			);
		};
/* End PBXProject section */

/* Begin PBXResourcesBuildPhase section */
		BD022284290693CB00B07322 /* Resources */ = {
			isa = PBXResourcesBuildPhase;
			buildActionMask = 2147483647;
			files = (
				BD022296290693CD00B07322 /* LaunchScreen.storyboard in Resources */,
				BD022293290693CD00B07322 /* Assets.xcassets in Resources */,
			);
			runOnlyForDeploymentPostprocessing = 0;
		};
/* End PBXResourcesBuildPhase section */

/* Begin PBXSourcesBuildPhase section */
		BD022282290693CB00B07322 /* Sources */ = {
			isa = PBXSourcesBuildPhase;
			buildActionMask = 2147483647;
			files = (
				BDD96032290695F0006A1D15 /* PickerExampleViewController.swift in Sources */,
				BDD960352906A368006A1D15 /* NumbersViewController.swift in Sources */,
				BD02228A290693CB00B07322 /* AppDelegate.swift in Sources */,
				BD02228C290693CB00B07322 /* SceneDelegate.swift in Sources */,
				BDD960482906DC1D006A1D15 /* TableExampleViewController.swift in Sources */,
				BDD960402906C267006A1D15 /* ValidationViewController.swift in Sources */,
			);
			runOnlyForDeploymentPostprocessing = 0;
		};
/* End PBXSourcesBuildPhase section */

/* Begin PBXVariantGroup section */
		BD022294290693CD00B07322 /* LaunchScreen.storyboard */ = {
			isa = PBXVariantGroup;
			children = (
				BD022295290693CD00B07322 /* Base */,
			);
			name = LaunchScreen.storyboard;
			sourceTree = "<group>";
		};
/* End PBXVariantGroup section */

/* Begin XCBuildConfiguration section */
		BD022298290693CD00B07322 /* Debug */ = {
			isa = XCBuildConfiguration;
			buildSettings = {
				ALWAYS_SEARCH_USER_PATHS = NO;
				CLANG_ANALYZER_NONNULL = YES;
				CLANG_ANALYZER_NUMBER_OBJECT_CONVERSION = YES_AGGRESSIVE;
				CLANG_CXX_LANGUAGE_STANDARD = "gnu++20";
				CLANG_ENABLE_MODULES = YES;
				CLANG_ENABLE_OBJC_ARC = YES;
				CLANG_ENABLE_OBJC_WEAK = YES;
				CLANG_WARN_BLOCK_CAPTURE_AUTORELEASING = YES;
				CLANG_WARN_BOOL_CONVERSION = YES;
				CLANG_WARN_COMMA = YES;
				CLANG_WARN_CONSTANT_CONVERSION = YES;
				CLANG_WARN_DEPRECATED_OBJC_IMPLEMENTATIONS = YES;
				CLANG_WARN_DIRECT_OBJC_ISA_USAGE = YES_ERROR;
				CLANG_WARN_DOCUMENTATION_COMMENTS = YES;
				CLANG_WARN_EMPTY_BODY = YES;
				CLANG_WARN_ENUM_CONVERSION = YES;
				CLANG_WARN_INFINITE_RECURSION = YES;
				CLANG_WARN_INT_CONVERSION = YES;
				CLANG_WARN_NON_LITERAL_NULL_CONVERSION = YES;
				CLANG_WARN_OBJC_IMPLICIT_RETAIN_SELF = YES;
				CLANG_WARN_OBJC_LITERAL_CONVERSION = YES;
				CLANG_WARN_OBJC_ROOT_CLASS = YES_ERROR;
				CLANG_WARN_QUOTED_INCLUDE_IN_FRAMEWORK_HEADER = YES;
				CLANG_WARN_RANGE_LOOP_ANALYSIS = YES;
				CLANG_WARN_STRICT_PROTOTYPES = YES;
				CLANG_WARN_SUSPICIOUS_MOVE = YES;
				CLANG_WARN_UNGUARDED_AVAILABILITY = YES_AGGRESSIVE;
				CLANG_WARN_UNREACHABLE_CODE = YES;
				CLANG_WARN__DUPLICATE_METHOD_MATCH = YES;
				COPY_PHASE_STRIP = NO;
				DEBUG_INFORMATION_FORMAT = dwarf;
				ENABLE_STRICT_OBJC_MSGSEND = YES;
				ENABLE_TESTABILITY = YES;
				GCC_C_LANGUAGE_STANDARD = gnu11;
				GCC_DYNAMIC_NO_PIC = NO;
				GCC_NO_COMMON_BLOCKS = YES;
				GCC_OPTIMIZATION_LEVEL = 0;
				GCC_PREPROCESSOR_DEFINITIONS = (
					"DEBUG=1",
					"$(inherited)",
				);
				GCC_WARN_64_TO_32_BIT_CONVERSION = YES;
				GCC_WARN_ABOUT_RETURN_TYPE = YES_ERROR;
				GCC_WARN_UNDECLARED_SELECTOR = YES;
				GCC_WARN_UNINITIALIZED_AUTOS = YES_AGGRESSIVE;
				GCC_WARN_UNUSED_FUNCTION = YES;
				GCC_WARN_UNUSED_VARIABLE = YES;
				IPHONEOS_DEPLOYMENT_TARGET = 16.0;
				MTL_ENABLE_DEBUG_INFO = INCLUDE_SOURCE;
				MTL_FAST_MATH = YES;
				ONLY_ACTIVE_ARCH = YES;
				SDKROOT = iphoneos;
				SWIFT_ACTIVE_COMPILATION_CONDITIONS = DEBUG;
				SWIFT_OPTIMIZATION_LEVEL = "-Onone";
			};
			name = Debug;
		};
		BD022299290693CD00B07322 /* Release */ = {
			isa = XCBuildConfiguration;
			buildSettings = {
				ALWAYS_SEARCH_USER_PATHS = NO;
				CLANG_ANALYZER_NONNULL = YES;
				CLANG_ANALYZER_NUMBER_OBJECT_CONVERSION = YES_AGGRESSIVE;
				CLANG_CXX_LANGUAGE_STANDARD = "gnu++20";
				CLANG_ENABLE_MODULES = YES;
				CLANG_ENABLE_OBJC_ARC = YES;
				CLANG_ENABLE_OBJC_WEAK = YES;
				CLANG_WARN_BLOCK_CAPTURE_AUTORELEASING = YES;
				CLANG_WARN_BOOL_CONVERSION = YES;
				CLANG_WARN_COMMA = YES;
				CLANG_WARN_CONSTANT_CONVERSION = YES;
				CLANG_WARN_DEPRECATED_OBJC_IMPLEMENTATIONS = YES;
				CLANG_WARN_DIRECT_OBJC_ISA_USAGE = YES_ERROR;
				CLANG_WARN_DOCUMENTATION_COMMENTS = YES;
				CLANG_WARN_EMPTY_BODY = YES;
				CLANG_WARN_ENUM_CONVERSION = YES;
				CLANG_WARN_INFINITE_RECURSION = YES;
				CLANG_WARN_INT_CONVERSION = YES;
				CLANG_WARN_NON_LITERAL_NULL_CONVERSION = YES;
				CLANG_WARN_OBJC_IMPLICIT_RETAIN_SELF = YES;
				CLANG_WARN_OBJC_LITERAL_CONVERSION = YES;
				CLANG_WARN_OBJC_ROOT_CLASS = YES_ERROR;
				CLANG_WARN_QUOTED_INCLUDE_IN_FRAMEWORK_HEADER = YES;
				CLANG_WARN_RANGE_LOOP_ANALYSIS = YES;
				CLANG_WARN_STRICT_PROTOTYPES = YES;
				CLANG_WARN_SUSPICIOUS_MOVE = YES;
				CLANG_WARN_UNGUARDED_AVAILABILITY = YES_AGGRESSIVE;
				CLANG_WARN_UNREACHABLE_CODE = YES;
				CLANG_WARN__DUPLICATE_METHOD_MATCH = YES;
				COPY_PHASE_STRIP = NO;
				DEBUG_INFORMATION_FORMAT = "dwarf-with-dsym";
				ENABLE_NS_ASSERTIONS = NO;
				ENABLE_STRICT_OBJC_MSGSEND = YES;
				GCC_C_LANGUAGE_STANDARD = gnu11;
				GCC_NO_COMMON_BLOCKS = YES;
				GCC_WARN_64_TO_32_BIT_CONVERSION = YES;
				GCC_WARN_ABOUT_RETURN_TYPE = YES_ERROR;
				GCC_WARN_UNDECLARED_SELECTOR = YES;
				GCC_WARN_UNINITIALIZED_AUTOS = YES_AGGRESSIVE;
				GCC_WARN_UNUSED_FUNCTION = YES;
				GCC_WARN_UNUSED_VARIABLE = YES;
				IPHONEOS_DEPLOYMENT_TARGET = 16.0;
				MTL_ENABLE_DEBUG_INFO = NO;
				MTL_FAST_MATH = YES;
				SDKROOT = iphoneos;
				SWIFT_COMPILATION_MODE = wholemodule;
				SWIFT_OPTIMIZATION_LEVEL = "-O";
				VALIDATE_PRODUCT = YES;
			};
			name = Release;
		};
		BD02229B290693CD00B07322 /* Debug */ = {
			isa = XCBuildConfiguration;
			buildSettings = {
				ASSETCATALOG_COMPILER_APPICON_NAME = AppIcon;
				ASSETCATALOG_COMPILER_GLOBAL_ACCENT_COLOR_NAME = AccentColor;
				CODE_SIGN_STYLE = Automatic;
				CURRENT_PROJECT_VERSION = 1;
				DEVELOPMENT_TEAM = W7P3R7ZL78;
				GENERATE_INFOPLIST_FILE = YES;
				INFOPLIST_FILE = "Go-RxSwift/App/Info.plist";
				INFOPLIST_KEY_UIApplicationSupportsIndirectInputEvents = YES;
				INFOPLIST_KEY_UILaunchStoryboardName = LaunchScreen;
				INFOPLIST_KEY_UISupportedInterfaceOrientations_iPad = "UIInterfaceOrientationPortrait UIInterfaceOrientationPortraitUpsideDown UIInterfaceOrientationLandscapeLeft UIInterfaceOrientationLandscapeRight";
				INFOPLIST_KEY_UISupportedInterfaceOrientations_iPhone = "UIInterfaceOrientationPortrait UIInterfaceOrientationLandscapeLeft UIInterfaceOrientationLandscapeRight";
				LD_RUNPATH_SEARCH_PATHS = (
					"$(inherited)",
					"@executable_path/Frameworks",
				);
				MARKETING_VERSION = 1.0;
				PRODUCT_BUNDLE_IDENTIFIER = "com.taekki.Go-RxSwift";
				PRODUCT_NAME = "$(TARGET_NAME)";
				SWIFT_EMIT_LOC_STRINGS = YES;
				SWIFT_VERSION = 5.0;
				TARGETED_DEVICE_FAMILY = "1,2";
			};
			name = Debug;
		};
		BD02229C290693CD00B07322 /* Release */ = {
			isa = XCBuildConfiguration;
			buildSettings = {
				ASSETCATALOG_COMPILER_APPICON_NAME = AppIcon;
				ASSETCATALOG_COMPILER_GLOBAL_ACCENT_COLOR_NAME = AccentColor;
				CODE_SIGN_STYLE = Automatic;
				CURRENT_PROJECT_VERSION = 1;
				DEVELOPMENT_TEAM = W7P3R7ZL78;
				GENERATE_INFOPLIST_FILE = YES;
				INFOPLIST_FILE = "Go-RxSwift/App/Info.plist";
				INFOPLIST_KEY_UIApplicationSupportsIndirectInputEvents = YES;
				INFOPLIST_KEY_UILaunchStoryboardName = LaunchScreen;
				INFOPLIST_KEY_UISupportedInterfaceOrientations_iPad = "UIInterfaceOrientationPortrait UIInterfaceOrientationPortraitUpsideDown UIInterfaceOrientationLandscapeLeft UIInterfaceOrientationLandscapeRight";
				INFOPLIST_KEY_UISupportedInterfaceOrientations_iPhone = "UIInterfaceOrientationPortrait UIInterfaceOrientationLandscapeLeft UIInterfaceOrientationLandscapeRight";
				LD_RUNPATH_SEARCH_PATHS = (
					"$(inherited)",
					"@executable_path/Frameworks",
				);
				MARKETING_VERSION = 1.0;
				PRODUCT_BUNDLE_IDENTIFIER = "com.taekki.Go-RxSwift";
				PRODUCT_NAME = "$(TARGET_NAME)";
				SWIFT_EMIT_LOC_STRINGS = YES;
				SWIFT_VERSION = 5.0;
				TARGETED_DEVICE_FAMILY = "1,2";
			};
			name = Release;
		};
/* End XCBuildConfiguration section */

/* Begin XCConfigurationList section */
		BD022281290693CB00B07322 /* Build configuration list for PBXProject "Go-RxSwift" */ = {
			isa = XCConfigurationList;
			buildConfigurations = (
				BD022298290693CD00B07322 /* Debug */,
				BD022299290693CD00B07322 /* Release */,
			);
			defaultConfigurationIsVisible = 0;
			defaultConfigurationName = Release;
		};
		BD02229A290693CD00B07322 /* Build configuration list for PBXNativeTarget "Go-RxSwift" */ = {
			isa = XCConfigurationList;
			buildConfigurations = (
				BD02229B290693CD00B07322 /* Debug */,
				BD02229C290693CD00B07322 /* Release */,
			);
			defaultConfigurationIsVisible = 0;
			defaultConfigurationName = Release;
		};
/* End XCConfigurationList section */

/* Begin XCRemoteSwiftPackageReference section */
		BDD9602A290694E9006A1D15 /* XCRemoteSwiftPackageReference "RxSwift" */ = {
			isa = XCRemoteSwiftPackageReference;
			repositoryURL = "https://github.com/ReactiveX/RxSwift.git";
			requirement = {
				kind = upToNextMajorVersion;
				minimumVersion = 6.0.0;
			};
		};
		BDD960432906C648006A1D15 /* XCRemoteSwiftPackageReference "SnapKit" */ = {
			isa = XCRemoteSwiftPackageReference;
			repositoryURL = "https://github.com/SnapKit/SnapKit.git";
			requirement = {
				kind = upToNextMajorVersion;
				minimumVersion = 5.0.0;
			};
		};
/* End XCRemoteSwiftPackageReference section */

/* Begin XCSwiftPackageProductDependency section */
		BDD9602B290694E9006A1D15 /* RxCocoa */ = {
			isa = XCSwiftPackageProductDependency;
			package = BDD9602A290694E9006A1D15 /* XCRemoteSwiftPackageReference "RxSwift" */;
			productName = RxCocoa;
		};
		BDD9602D290694E9006A1D15 /* RxSwift */ = {
			isa = XCSwiftPackageProductDependency;
			package = BDD9602A290694E9006A1D15 /* XCRemoteSwiftPackageReference "RxSwift" */;
			productName = RxSwift;
		};
		BDD960442906C648006A1D15 /* SnapKit */ = {
			isa = XCSwiftPackageProductDependency;
			package = BDD960432906C648006A1D15 /* XCRemoteSwiftPackageReference "SnapKit" */;
			productName = SnapKit;
		};
/* End XCSwiftPackageProductDependency section */
	};
	rootObject = BD02227E290693CB00B07322 /* Project object */;
}
